
Microsoft Visual Studio Solution File, Format Version 12.00
# Visual Studio Version 16
VisualStudioVersion = 16.0.31729.503
MinimumVisualStudioVersion = 10.0.40219.1
Project("{FAE04EC0-301F-11D3-BF4B-00C04F79EFBC}") = "ClassMetotDemo", "ClassMetotDemo.csproj", "{3337062C-A6C4-4D3E-8F02-BB81DCFD6A12}"
EndProject
Global
	GlobalSection(SolutionConfigurationPlatforms) = preSolution
		Debug|Any CPU = Debug|Any CPU
		Release|Any CPU = Release|Any CPU
	EndGlobalSection
	GlobalSection(ProjectConfigurationPlatforms) = postSolution
		{3337062C-A6C4-4D3E-8F02-BB81DCFD6A12}.Debug|Any CPU.ActiveCfg = Debug|Any CPU
		{3337062C-A6C4-4D3E-8F02-BB81DCFD6A12}.Debug|Any CPU.Build.0 = Debug|Any CPU
		{3337062C-A6C4-4D3E-8F02-BB81DCFD6A12}.Release|Any CPU.ActiveCfg = Release|Any CPU
		{3337062C-A6C4-4D3E-8F02-BB81DCFD6A12}.Release|Any CPU.Build.0 = Release|Any CPU
	EndGlobalSection
	GlobalSection(SolutionProperties) = preSolution
		HideSolutionNode = FALSE
	EndGlobalSection
	GlobalSection(ExtensibilityGlobals) = postSolution
		SolutionGuid = {50E9C9AE-9E2C-46E9-924D-9A87EF9C711E}
	EndGlobalSection
EndGlobal
